{
  "requires": true,
  "lockfileVersion": 1,
  "dependencies": {
    "fp-ts": {
      "version": "2.10.5",
      "resolved": "https://registry.npmjs.org/fp-ts/-/fp-ts-2.10.5.tgz",
      "integrity": "sha512-X2KfTIV0cxIk3d7/2Pvp/pxL/xr2MV1WooyEzKtTWYSc1+52VF4YzjBTXqeOlSiZsPCxIBpDGfT9Dyo7WEY0DQ=="
    }
  }
}
